
Microsoft Visual Studio Solution File, Format Version 12.00
# Visual Studio Version 17
VisualStudioVersion = 17.5.33502.453
MinimumVisualStudioVersion = 10.0.40219.1
Project("{9A19103F-16F7-4668-BE54-9A1E7A4F7556}") = "MyListApp_API", "MyListApp_API.csproj", "{DC2574C4-BD33-403D-B019-045DBDC586B6}"
EndProject
Project("{9A19103F-16F7-4668-BE54-9A1E7A4F7556}") = "MyListApp_API_Tests", "..\MyListApp_API_Tests\MyListApp_API_Tests.csproj", "{51E3F130-BD05-43AF-A46E-66233A9D8351}"
EndProject
Global
	GlobalSection(SolutionConfigurationPlatforms) = preSolution
		Debug|Any CPU = Debug|Any CPU
		Release|Any CPU = Release|Any CPU
	EndGlobalSection
	GlobalSection(ProjectConfigurationPlatforms) = postSolution
		{DC2574C4-BD33-403D-B019-045DBDC586B6}.Debug|Any CPU.ActiveCfg = Debug|Any CPU
		{DC2574C4-BD33-403D-B019-045DBDC586B6}.Debug|Any CPU.Build.0 = Debug|Any CPU
		{DC2574C4-BD33-403D-B019-045DBDC586B6}.Release|Any CPU.ActiveCfg = Release|Any CPU
		{DC2574C4-BD33-403D-B019-045DBDC586B6}.Release|Any CPU.Build.0 = Release|Any CPU
		{51E3F130-BD05-43AF-A46E-66233A9D8351}.Debug|Any CPU.ActiveCfg = Debug|Any CPU
		{51E3F130-BD05-43AF-A46E-66233A9D8351}.Debug|Any CPU.Build.0 = Debug|Any CPU
		{51E3F130-BD05-43AF-A46E-66233A9D8351}.Release|Any CPU.ActiveCfg = Release|Any CPU
		{51E3F130-BD05-43AF-A46E-66233A9D8351}.Release|Any CPU.Build.0 = Release|Any CPU
	EndGlobalSection
	GlobalSection(SolutionProperties) = preSolution
		HideSolutionNode = FALSE
	EndGlobalSection
	GlobalSection(ExtensibilityGlobals) = postSolution
		SolutionGuid = {234E8A1A-0F3B-4969-8086-7404D4B9FC06}
	EndGlobalSection
EndGlobal
